# @generated - this file is auto-generated by `mise lock` https://mise.jdx.dev/dev-tools/mise-lock.html

lockfile_version = 3

[[tools."aqua:charmbracelet/glow"]]
version = "3.0.0"
backend = "aqua:charmbracelet/glow"
specifiers = ["latest"]

[tools."aqua:charmbracelet/glow"."platforms.linux-arm64"]
checksum = "sha256:810c39f4691feb75e675a5f5f54b9fa091354e7599d9cf9c9fc9b97e47a99759"
url = "https://github.com/charmbracelet/glow/releases/download/v3.0.0/glow_3.0.0_Linux_arm64.tar.gz"
url_api = "https://api.github.com/repos/charmbracelet/glow/releases/assets/510466976"
provenance = "cosign"

[tools."aqua:charmbracelet/glow"."platforms.linux-arm64-musl"]
checksum = "sha256:810c39f4691feb75e675a5f5f54b9fa091354e7599d9cf9c9fc9b97e47a99759"
url = "https://github.com/charmbracelet/glow/releases/download/v3.0.0/glow_3.0.0_Linux_arm64.tar.gz"
url_api = "https://api.github.com/repos/charmbracelet/glow/releases/assets/510466976"
provenance = "cosign"

[tools."aqua:charmbracelet/glow"."platforms.linux-x64"]
checksum = "sha256:13e05e4b2acc18d2aee44291aefe6325b077ec321b631a0cfa780e8e3bc33f78"
url = "https://github.com/charmbracelet/glow/releases/download/v3.0.0/glow_3.0.0_Linux_x86_64.tar.gz"
url_api = "https://api.github.com/repos/charmbracelet/glow/releases/assets/510466923"
provenance = "cosign"

[tools."aqua:charmbracelet/glow"."platforms.linux-x64-musl"]
checksum = "sha256:13e05e4b2acc18d2aee44291aefe6325b077ec321b631a0cfa780e8e3bc33f78"
url = "https://github.com/charmbracelet/glow/releases/download/v3.0.0/glow_3.0.0_Linux_x86_64.tar.gz"
url_api = "https://api.github.com/repos/charmbracelet/glow/releases/assets/510466923"
provenance = "cosign"

[tools."aqua:charmbracelet/glow"."platforms.macos-arm64"]
checksum = "sha256:4b8a9a32412c0525e4c239e65171706fc5beb6d423608d99fe16788d47b345d3"
url = "https://github.com/charmbracelet/glow/releases/download/v3.0.0/glow_3.0.0_Darwin_arm64.tar.gz"
url_api = "https://api.github.com/repos/charmbracelet/glow/releases/assets/510466964"
provenance = "cosign"

[tools."aqua:charmbracelet/glow"."platforms.macos-x64"]
checksum = "sha256:b911b90622e686d44bc072112898584a601ed8353276b735835d8cdbcc27f660"
url = "https://github.com/charmbracelet/glow/releases/download/v3.0.0/glow_3.0.0_Darwin_x86_64.tar.gz"
url_api = "https://api.github.com/repos/charmbracelet/glow/releases/assets/510466986"
provenance = "cosign"

[tools."aqua:charmbracelet/glow"."platforms.windows-x64"]
checksum = "sha256:d8907e07436ecbb6738bc0e3bbf8aa6159e351f95082e9db3c3fc4200086f809"
url = "https://github.com/charmbracelet/glow/releases/download/v3.0.0/glow_3.0.0_Windows_x86_64.zip"
url_api = "https://api.github.com/repos/charmbracelet/glow/releases/assets/510466927"
provenance = "cosign"

[[tools.bat]]
version = "0.26.1"
backend = "aqua:sharkdp/bat"
specifiers = ["latest"]

[tools.bat."platforms.linux-arm64"]
checksum = "sha256:422eb73e11c854fddd99f5ca8461c2f1d6e6dce0a2a8c3d5daade5ffcb6564aa"
url = "https://github.com/sharkdp/bat/releases/download/v0.26.1/bat-v0.26.1-aarch64-unknown-linux-gnu.tar.gz"
url_api = "https://api.github.com/repos/sharkdp/bat/releases/assets/323548647"

[tools.bat."platforms.linux-arm64-musl"]
checksum = "sha256:6369242c584065f195fb20cb36fbd7cb63ae690605bbe89868a7596b596c2c23"
url = "https://github.com/sharkdp/bat/releases/download/v0.26.1/bat-v0.26.1-aarch64-unknown-linux-musl.tar.gz"
url_api = "https://api.github.com/repos/sharkdp/bat/releases/assets/323548153"

[tools.bat."platforms.linux-x64"]
checksum = "sha256:726f04c8f576a7fd18b7634f1bbf2f915c43494c1c0f013baa3287edb0d5a2a3"
url = "https://github.com/sharkdp/bat/releases/download/v0.26.1/bat-v0.26.1-x86_64-unknown-linux-gnu.tar.gz"
url_api = "https://api.github.com/repos/sharkdp/bat/releases/assets/323549181"

[tools.bat."platforms.linux-x64-musl"]
checksum = "sha256:0dcd8ac79732c0d5b136f11f4ee00e581440e16a44eab5b3105b611bbf2cf191"
url = "https://github.com/sharkdp/bat/releases/download/v0.26.1/bat-v0.26.1-x86_64-unknown-linux-musl.tar.gz"
url_api = "https://api.github.com/repos/sharkdp/bat/releases/assets/323549429"

[tools.bat."platforms.macos-arm64"]
checksum = "sha256:e30beff26779c9bf60bb541e1d79046250cb74378f2757f8eb250afddb19e114"
url = "https://github.com/sharkdp/bat/releases/download/v0.26.1/bat-v0.26.1-aarch64-apple-darwin.tar.gz"
url_api = "https://api.github.com/repos/sharkdp/bat/releases/assets/323548442"

[tools.bat."platforms.macos-x64"]
checksum = "sha256:830d63b0bba1fa040542ec569e3cf77f60d3356b9de75116a344b061e0894245"
url = "https://github.com/sharkdp/bat/releases/download/v0.26.1/bat-v0.26.1-x86_64-apple-darwin.tar.gz"
url_api = "https://api.github.com/repos/sharkdp/bat/releases/assets/323549786"

[tools.bat."platforms.windows-x64"]
checksum = "sha256:0f729b4b6f5f28d395c641eacc2e9ff68d0096b85aa0eec344aa62425144b69b"
url = "https://github.com/sharkdp/bat/releases/download/v0.26.1/bat-v0.26.1-x86_64-pc-windows-msvc.zip"
url_api = "https://api.github.com/repos/sharkdp/bat/releases/assets/323549116"

[[tools.bun]]
version = "1.4.2"
backend = "core:bun"
specifiers = ["latest"]

[tools.bun."platforms.linux-arm64"]
checksum = "sha256:54328bbc2d9c8e0c9f892c544d66c57a83b84139e34909e5ee81758f1ac8fda7"
url = "https://github.com/oven-sh/bun/releases/download/bun-v1.4.2/bun-linux-aarch64.zip"

[tools.bun."platforms.linux-arm64-musl"]
checksum = "sha256:71760b6c8ea30623b81a4907cb815d48e2ea266f2e73e751534a44a0607950df"
url = "https://github.com/oven-sh/bun/releases/download/bun-v1.4.2/bun-linux-aarch64-musl.zip"

[tools.bun."platforms.linux-x64"]
checksum = "sha256:36368faef7527875d5ffa52e53cd48021741f2a83eb6208a8dd64068d422a913"
url = "https://github.com/oven-sh/bun/releases/download/bun-v1.4.2/bun-linux-x64.zip"

[tools.bun."platforms.linux-x64-baseline"]
checksum = "sha256:c678040f14fe0440eb839d37cbd0ce4c051a32da72806ac97de6a6aab6bf728f"
url = "https://github.com/oven-sh/bun/releases/download/bun-v1.4.2/bun-linux-x64-baseline.zip"

[tools.bun."platforms.linux-x64-musl"]
checksum = "sha256:4835eca59d6da70f4674f5642f6e459dcadab773695b2ed9922d131057989742"
url = "https://github.com/oven-sh/bun/releases/download/bun-v1.4.2/bun-linux-x64-musl.zip"

[tools.bun."platforms.linux-x64-musl-baseline"]
checksum = "sha256:76e1db84e98f22f78de0a87e309bfbbf297732847f9720db36750646c85c8c18"
url = "https://github.com/oven-sh/bun/releases/download/bun-v1.4.2/bun-linux-x64-musl-baseline.zip"

[tools.bun."platforms.macos-arm64"]
checksum = "sha256:90987a3a16d7db556d886ac3d551e7b6d3edf0a1cf43acaed622e8676be1d12f"
url = "https://github.com/oven-sh/bun/releases/download/bun-v1.4.2/bun-darwin-aarch64.zip"

[tools.bun."platforms.macos-x64"]
checksum = "sha256:80520d7e17526308c9185d261679ac6d27798d3803a0e9f7ff9121ab8affb012"
url = "https://github.com/oven-sh/bun/releases/download/bun-v1.4.2/bun-darwin-x64.zip"

[tools.bun."platforms.macos-x64-baseline"]
checksum = "sha256:bad5bbd6cf14d0980d115f5954c9ff904df619d5e994d2da1ffccd3f316300b0"
url = "https://github.com/oven-sh/bun/releases/download/bun-v1.4.2/bun-darwin-x64-baseline.zip"

[tools.bun."platforms.windows-x64"]
checksum = "sha256:ce4c17497b2f29712a99d3d53f028de28cd42e3bacb8589599e7f000e49b6405"
url = "https://github.com/oven-sh/bun/releases/download/bun-v1.4.2/bun-windows-x64.zip"

[tools.bun."platforms.windows-x64-baseline"]
checksum = "sha256:78c221c2376f79731ccf4e4af0b3bb46d81fefa3296c5abee09ad8a1b21e68c6"
url = "https://github.com/oven-sh/bun/releases/download/bun-v1.4.2/bun-windows-x64-baseline.zip"

[[tools.codex]]
version = "0.160.0"
backend = "aqua:openai/codex"
specifiers = ["latest"]

[tools.codex."platforms.linux-arm64"]
checksum = "sha256:7f0fe42ff22ecfa3a47bc4a34f5b22c4218b431a4ec0aba51c7d98299f07900c"
url = "https://github.com/openai/codex/releases/download/rust-v0.160.0/codex-package-aarch64-unknown-linux-musl.tar.gz"
url_api = "https://api.github.com/repos/openai/codex/releases/assets/604056302"

[tools.codex."platforms.linux-arm64-musl"]
checksum = "sha256:7f0fe42ff22ecfa3a47bc4a34f5b22c4218b431a4ec0aba51c7d98299f07900c"
url = "https://github.com/openai/codex/releases/download/rust-v0.160.0/codex-package-aarch64-unknown-linux-musl.tar.gz"
url_api = "https://api.github.com/repos/openai/codex/releases/assets/604056302"

[tools.codex."platforms.linux-x64"]
checksum = "sha256:4fcc47ab57f52ff75363951a8761146cd10c8288bd86fed45487dbb204a16b71"
url = "https://github.com/openai/codex/releases/download/rust-v0.160.0/codex-package-x86_64-unknown-linux-musl.tar.gz"
url_api = "https://api.github.com/repos/openai/codex/releases/assets/604048102"

[tools.codex."platforms.linux-x64-musl"]
checksum = "sha256:4fcc47ab57f52ff75363951a8761146cd10c8288bd86fed45487dbb204a16b71"
url = "https://github.com/openai/codex/releases/download/rust-v0.160.0/codex-package-x86_64-unknown-linux-musl.tar.gz"
url_api = "https://api.github.com/repos/openai/codex/releases/assets/604048102"

[tools.codex."platforms.macos-arm64"]
checksum = "sha256:007df41b607dbbc8d204b9746ce7fed2d4ce6c813f44c32ceee54175ca796525"
url = "https://github.com/openai/codex/releases/download/rust-v0.160.0/codex-package-aarch64-apple-darwin.tar.gz"
url_api = "https://api.github.com/repos/openai/codex/releases/assets/604060802"

[tools.codex."platforms.macos-x64"]
checksum = "sha256:4d50514b2d8acd81ca8cfee55b667b3dc4f7681b65bf3299ff06b11a064f8861"
url = "https://github.com/openai/codex/releases/download/rust-v0.160.0/codex-package-x86_64-apple-darwin.tar.gz"
url_api = "https://api.github.com/repos/openai/codex/releases/assets/604052366"

[tools.codex."platforms.windows-x64"]
checksum = "sha256:7f7fbbc8d6fd4ea2f3b13855ef47ea59663ba7e61fb2e9821df37163b8030891"
url = "https://github.com/openai/codex/releases/download/rust-v0.160.0/codex-package-x86_64-pc-windows-msvc.tar.gz"
url_api = "https://api.github.com/repos/openai/codex/releases/assets/604049911"

[[tools.delta]]
version = "0.19.2"
backend = "aqua:dandavison/delta"
specifiers = ["latest"]

[tools.delta."platforms.linux-arm64"]
checksum = "sha256:0bfce159a5cddd5feb3d6db4a616d883ff51253ce08ac7ec11cb1d208cfaab9e"
url = "https://github.com/dandavison/delta/releases/download/0.19.2/delta-0.19.2-aarch64-unknown-linux-gnu.tar.gz"
url_api = "https://api.github.com/repos/dandavison/delta/releases/assets/383662337"

[tools.delta."platforms.linux-arm64-musl"]
checksum = "sha256:0bfce159a5cddd5feb3d6db4a616d883ff51253ce08ac7ec11cb1d208cfaab9e"
url = "https://github.com/dandavison/delta/releases/download/0.19.2/delta-0.19.2-aarch64-unknown-linux-gnu.tar.gz"
url_api = "https://api.github.com/repos/dandavison/delta/releases/assets/383662337"

[tools.delta."platforms.linux-x64"]
checksum = "sha256:8e695c5f586a8c53d6c3b01be0b4a422ed218bfed2a56191caebe373a1c18ab2"
url = "https://github.com/dandavison/delta/releases/download/0.19.2/delta-0.19.2-x86_64-unknown-linux-gnu.tar.gz"
url_api = "https://api.github.com/repos/dandavison/delta/releases/assets/383662069"

[tools.delta."platforms.linux-x64-musl"]
checksum = "sha256:f1ea01ca7728ce3462debc359f39dfc7cbbc1a63224b71fefabf92042864aa1b"
url = "https://github.com/dandavison/delta/releases/download/0.19.2/delta-0.19.2-x86_64-unknown-linux-musl.tar.gz"
url_api = "https://api.github.com/repos/dandavison/delta/releases/assets/383662298"

[tools.delta."platforms.macos-arm64"]
checksum = "sha256:9be36612a5a13e9e386dc498fb8e50dc87c72ee42b63db0ea05b32f99a72a69a"
url = "https://github.com/dandavison/delta/releases/download/0.19.2/delta-0.19.2-aarch64-apple-darwin.tar.gz"
url_api = "https://api.github.com/repos/dandavison/delta/releases/assets/383662310"

[tools.delta."platforms.windows-x64"]
checksum = "sha256:ac8ebb4a9f1cbee8b9ea897ba119808a244181adae6f3bed1f3b6b923c50b557"
url = "https://github.com/dandavison/delta/releases/download/0.19.2/delta-0.19.2-x86_64-pc-windows-msvc.zip"
url_api = "https://api.github.com/repos/dandavison/delta/releases/assets/383663165"

[[tools.eza]]
version = "0.23.5"
backend = "aqua:eza-community/eza"
specifiers = ["latest"]

[tools.eza."platforms.linux-arm64"]
checksum = "sha256:40b87ae8628aa2ff0f0d2dc24ab52f689631366385c3da630bae745671fd71ec"
url = "https://github.com/eza-community/eza/releases/download/v0.23.5/eza_aarch64-unknown-linux-gnu.tar.gz"
url_api = "https://api.github.com/repos/eza-community/eza/releases/assets/471228867"

[tools.eza."platforms.linux-arm64-musl"]
checksum = "sha256:40b87ae8628aa2ff0f0d2dc24ab52f689631366385c3da630bae745671fd71ec"
url = "https://github.com/eza-community/eza/releases/download/v0.23.5/eza_aarch64-unknown-linux-gnu.tar.gz"
url_api = "https://api.github.com/repos/eza-community/eza/releases/assets/471228867"

[tools.eza."platforms.linux-x64"]
checksum = "sha256:35c70c5c43c29108075e58b893234c67ef585f0b53a7eaf8e9e7d4eec9f339b4"
url = "https://github.com/eza-community/eza/releases/download/v0.23.5/eza_x86_64-unknown-linux-gnu.tar.gz"
url_api = "https://api.github.com/repos/eza-community/eza/releases/assets/471228887"

[tools.eza."platforms.linux-x64-musl"]
checksum = "sha256:e06eebab74b73d6b7d51a796a353824b001bea82df077706382e100815d28904"
url = "https://github.com/eza-community/eza/releases/download/v0.23.5/eza_x86_64-unknown-linux-musl.tar.gz"
url_api = "https://api.github.com/repos/eza-community/eza/releases/assets/471228890"

[tools.eza."platforms.windows-x64"]
checksum = "sha256:bbef561f5cfc8e778649b65e69c9c6e4c836c0fbe83ee3d0a5128091d797ed8a"
url = "https://github.com/eza-community/eza/releases/download/v0.23.5/eza.exe_x86_64-pc-windows-gnu.tar.gz"
url_api = "https://api.github.com/repos/eza-community/eza/releases/assets/471228877"

[[tools.fd]]
version = "10.5.0"
backend = "aqua:sharkdp/fd"
specifiers = ["latest"]

[tools.fd."platforms.linux-arm64"]
checksum = "sha256:c0ee43802e3313a317c5af2f4eabd6ba13eeedd595af9775f05e18a13ac4f52c"
url = "https://github.com/sharkdp/fd/releases/download/v10.5.0/fd-v10.5.0-aarch64-unknown-linux-gnu.tar.gz"
url_api = "https://api.github.com/repos/sharkdp/fd/releases/assets/530482307"

[tools.fd."platforms.linux-arm64-musl"]
checksum = "sha256:d76c4317f7d5dba69f8a2a15856c90c777e7f0dd4e85f0de8c76de6992c374d4"
url = "https://github.com/sharkdp/fd/releases/download/v10.5.0/fd-v10.5.0-aarch64-unknown-linux-musl.tar.gz"
url_api = "https://api.github.com/repos/sharkdp/fd/releases/assets/530481810"

[tools.fd."platforms.linux-x64"]
checksum = "sha256:a1259cd129636efbc3fef123525c1b49e88fe5088c012630983c310e52fdfa95"
url = "https://github.com/sharkdp/fd/releases/download/v10.5.0/fd-v10.5.0-x86_64-unknown-linux-gnu.tar.gz"
url_api = "https://api.github.com/repos/sharkdp/fd/releases/assets/530481615"

[tools.fd."platforms.linux-x64-musl"]
checksum = "sha256:761c72dc8e120d85b22292063be8a796e2eeb20eb3e4f38b8fa2343ccf3514a7"
url = "https://github.com/sharkdp/fd/releases/download/v10.5.0/fd-v10.5.0-x86_64-unknown-linux-musl.tar.gz"
url_api = "https://api.github.com/repos/sharkdp/fd/releases/assets/530481315"

[tools.fd."platforms.macos-arm64"]
checksum = "sha256:b67e1836c468e42e411984b56e52fa7abec08c2bd22c867398e7cc134aac5e12"
url = "https://github.com/sharkdp/fd/releases/download/v10.5.0/fd-v10.5.0-aarch64-apple-darwin.tar.gz"
url_api = "https://api.github.com/repos/sharkdp/fd/releases/assets/530481346"

[tools.fd."platforms.macos-x64"]
checksum = "sha256:7e31028c62c6955877735d0406807aa484c2a5e6f86235a59e26c29c301da590"
url = "https://github.com/sharkdp/fd/releases/download/v10.5.0/fd-v10.5.0-x86_64-apple-darwin.tar.gz"
url_api = "https://api.github.com/repos/sharkdp/fd/releases/assets/530484719"

[tools.fd."platforms.windows-x64"]
checksum = "sha256:a227701b8551c35a9931d9f6da75503cf86d88e182d71fb849a70864c5d57cd7"
url = "https://github.com/sharkdp/fd/releases/download/v10.5.0/fd-v10.5.0-x86_64-pc-windows-msvc.zip"
url_api = "https://api.github.com/repos/sharkdp/fd/releases/assets/530482901"

[[tools.fzf]]
version = "0.74.4"
backend = "aqua:junegunn/fzf"
specifiers = ["latest"]

[tools.fzf."platforms.linux-arm64"]
checksum = "sha256:5d673b849f494f0d64ec471d8640b153ca8849e3846a31da17abdcfce8df6b46"
url = "https://github.com/junegunn/fzf/releases/download/v0.74.4/fzf-0.74.4-linux_arm64.tar.gz"
url_api = "https://api.github.com/repos/junegunn/fzf/releases/assets/558287789"

[tools.fzf."platforms.linux-arm64-musl"]
checksum = "sha256:5d673b849f494f0d64ec471d8640b153ca8849e3846a31da17abdcfce8df6b46"
url = "https://github.com/junegunn/fzf/releases/download/v0.74.4/fzf-0.74.4-linux_arm64.tar.gz"
url_api = "https://api.github.com/repos/junegunn/fzf/releases/assets/558287789"

[tools.fzf."platforms.linux-x64"]
checksum = "sha256:05e6813a337cc722c3ed07e54a764b75cc5d671e2e60459db0ba696ee5fa7504"
url = "https://github.com/junegunn/fzf/releases/download/v0.74.4/fzf-0.74.4-linux_amd64.tar.gz"
url_api = "https://api.github.com/repos/junegunn/fzf/releases/assets/558287768"

[tools.fzf."platforms.linux-x64-musl"]
checksum = "sha256:05e6813a337cc722c3ed07e54a764b75cc5d671e2e60459db0ba696ee5fa7504"
url = "https://github.com/junegunn/fzf/releases/download/v0.74.4/fzf-0.74.4-linux_amd64.tar.gz"
url_api = "https://api.github.com/repos/junegunn/fzf/releases/assets/558287768"

[tools.fzf."platforms.macos-arm64"]
checksum = "sha256:4f6a113bfc0c7959e0005c78d566a51afc4fcefc956f43735c62a9deb19e92ae"
url = "https://github.com/junegunn/fzf/releases/download/v0.74.4/fzf-0.74.4-darwin_arm64.tar.gz"
url_api = "https://api.github.com/repos/junegunn/fzf/releases/assets/558287774"

[tools.fzf."platforms.macos-x64"]
checksum = "sha256:2d392b50be66e2ab104ccd52a6072df692b1f9b9c5b449a9c098de885f32c4c5"
url = "https://github.com/junegunn/fzf/releases/download/v0.74.4/fzf-0.74.4-darwin_amd64.tar.gz"
url_api = "https://api.github.com/repos/junegunn/fzf/releases/assets/558287717"

[tools.fzf."platforms.windows-x64"]
checksum = "sha256:5e63c0e798406fcb9c51a9fed4988398e25fdabf8c670e32c16caf7b4a7ed02d"
url = "https://github.com/junegunn/fzf/releases/download/v0.74.4/fzf-0.74.4-windows_amd64.zip"
url_api = "https://api.github.com/repos/junegunn/fzf/releases/assets/558287758"

[[tools.gh]]
version = "2.102.0"
backend = "aqua:cli/cli"
specifiers = ["latest"]

[tools.gh."platforms.linux-arm64"]
checksum = "sha256:7862c86c72f43df3a2d93ddde6f473285b4e2af61b494849846827e513ef6484"
url = "https://github.com/cli/cli/releases/download/v2.102.0/gh_2.102.0_linux_arm64.tar.gz"
url_api = "https://api.github.com/repos/cli/cli/releases/assets/599854680"
provenance = "github-attestations"

[tools.gh."platforms.linux-arm64-musl"]
checksum = "sha256:7862c86c72f43df3a2d93ddde6f473285b4e2af61b494849846827e513ef6484"
url = "https://github.com/cli/cli/releases/download/v2.102.0/gh_2.102.0_linux_arm64.tar.gz"
url_api = "https://api.github.com/repos/cli/cli/releases/assets/599854680"
provenance = "github-attestations"

[tools.gh."platforms.linux-x64"]
checksum = "sha256:bb766f710eef8ede859c18578c72c327597cd4c8a85b06001b1f3843c6019386"
url = "https://github.com/cli/cli/releases/download/v2.102.0/gh_2.102.0_linux_amd64.tar.gz"
url_api = "https://api.github.com/repos/cli/cli/releases/assets/599854672"
provenance = "github-attestations"

[tools.gh."platforms.linux-x64-musl"]
checksum = "sha256:bb766f710eef8ede859c18578c72c327597cd4c8a85b06001b1f3843c6019386"
url = "https://github.com/cli/cli/releases/download/v2.102.0/gh_2.102.0_linux_amd64.tar.gz"
url_api = "https://api.github.com/repos/cli/cli/releases/assets/599854672"
provenance = "github-attestations"

[tools.gh."platforms.macos-arm64"]
checksum = "sha256:da922c20d1792e5b2cbf375593d7a658acf034c12c84e007e71c76ef959c337e"
url = "https://github.com/cli/cli/releases/download/v2.102.0/gh_2.102.0_macOS_arm64.zip"
url_api = "https://api.github.com/repos/cli/cli/releases/assets/599854720"
provenance = "github-attestations"

[tools.gh."platforms.macos-x64"]
checksum = "sha256:b245f24eb2bf5f75b426b4c26da3651a107f8d5b6f4fddfbfccc5679041378b3"
url = "https://github.com/cli/cli/releases/download/v2.102.0/gh_2.102.0_macOS_amd64.zip"
url_api = "https://api.github.com/repos/cli/cli/releases/assets/599854716"
provenance = "github-attestations"

[tools.gh."platforms.windows-x64"]
checksum = "sha256:ae64e556ecc240b200f7eba60d550e4bb60d78e860e69dd88c449405b86067f4"
url = "https://github.com/cli/cli/releases/download/v2.102.0/gh_2.102.0_windows_amd64.zip"
url_api = "https://api.github.com/repos/cli/cli/releases/assets/599854760"
provenance = "github-attestations"

[[tools.ghq]]
version = "1.11.2"
backend = "aqua:x-motemen/ghq"
specifiers = ["latest"]

[tools.ghq."platforms.linux-arm64"]
checksum = "sha256:0a083c5d5b214dd0f4f693cf8839b15f6b5cc4e2d91b0cb4abb8748dcdb353c9"
url = "https://github.com/x-motemen/ghq/releases/download/v1.11.2/ghq_linux_arm64.zip"
url_api = "https://api.github.com/repos/x-motemen/ghq/releases/assets/598741476"

[tools.ghq."platforms.linux-arm64-musl"]
checksum = "sha256:0a083c5d5b214dd0f4f693cf8839b15f6b5cc4e2d91b0cb4abb8748dcdb353c9"
url = "https://github.com/x-motemen/ghq/releases/download/v1.11.2/ghq_linux_arm64.zip"
url_api = "https://api.github.com/repos/x-motemen/ghq/releases/assets/598741476"

[tools.ghq."platforms.linux-x64"]
checksum = "sha256:efa5c1de4e763565b71649229449d8123ceb7131a8d0ed25755aaee73969cdf1"
url = "https://github.com/x-motemen/ghq/releases/download/v1.11.2/ghq_linux_amd64.zip"
url_api = "https://api.github.com/repos/x-motemen/ghq/releases/assets/598741424"

[tools.ghq."platforms.linux-x64-musl"]
checksum = "sha256:efa5c1de4e763565b71649229449d8123ceb7131a8d0ed25755aaee73969cdf1"
url = "https://github.com/x-motemen/ghq/releases/download/v1.11.2/ghq_linux_amd64.zip"
url_api = "https://api.github.com/repos/x-motemen/ghq/releases/assets/598741424"

[tools.ghq."platforms.macos-arm64"]
checksum = "sha256:8317f8ea5671bccb31e7747eb0a892a77a472dbc7c988f9d47cdfc969a59e242"
url = "https://github.com/x-motemen/ghq/releases/download/v1.11.2/ghq_darwin_arm64.zip"
url_api = "https://api.github.com/repos/x-motemen/ghq/releases/assets/598741463"

[tools.ghq."platforms.macos-x64"]
checksum = "sha256:abfe6b378ec8b59dd441a7eb13bc0f0f5b38b76dbdc78bd034df826302004639"
url = "https://github.com/x-motemen/ghq/releases/download/v1.11.2/ghq_darwin_amd64.zip"
url_api = "https://api.github.com/repos/x-motemen/ghq/releases/assets/598741428"

[tools.ghq."platforms.windows-x64"]
checksum = "sha256:7ab0e759ac9f117f0b5eeea0985c58e693ecb8d2e29b7bcfbce657caac31bce8"
url = "https://github.com/x-motemen/ghq/releases/download/v1.11.2/ghq_windows_amd64.zip"
url_api = "https://api.github.com/repos/x-motemen/ghq/releases/assets/598741479"

[[tools."github:googleworkspace/cli"]]
version = "0.22.5"
backend = "github:googleworkspace/cli"
specifiers = ["latest"]

[tools."github:googleworkspace/cli"."platforms.linux-arm64"]
checksum = "sha256:94490295d9580e1e88574e715a0a162991747d12d62f8c7b8dcc8268b6c1cea0"
url = "https://github.com/googleworkspace/cli/releases/download/v0.22.5/google-workspace-cli-aarch64-unknown-linux-gnu.tar.gz"
url_api = "https://api.github.com/repos/googleworkspace/cli/releases/assets/385726970"
provenance = "github-attestations"

[tools."github:googleworkspace/cli"."platforms.linux-arm64-musl"]
checksum = "sha256:e700fe63524932b10ec2130b47ece90aa850e66005fe52ccfc4cf8767bf9919a"
url = "https://github.com/googleworkspace/cli/releases/download/v0.22.5/google-workspace-cli-aarch64-unknown-linux-musl.tar.gz"
url_api = "https://api.github.com/repos/googleworkspace/cli/releases/assets/385726968"
provenance = "github-attestations"

[tools."github:googleworkspace/cli"."platforms.linux-x64"]
checksum = "sha256:de78ecdbd2f1a84cca0063a7ecbc440240fc14b6ebccbb17f4646b792a8c5c1f"
url = "https://github.com/googleworkspace/cli/releases/download/v0.22.5/google-workspace-cli-x86_64-unknown-linux-gnu.tar.gz"
url_api = "https://api.github.com/repos/googleworkspace/cli/releases/assets/385726985"
provenance = "github-attestations"

[tools."github:googleworkspace/cli"."platforms.linux-x64-musl"]
checksum = "sha256:4db473dde4b1ab872e4ff35d769b0d4af1f1a6441a605e79d5cf8ada9c87e920"
url = "https://github.com/googleworkspace/cli/releases/download/v0.22.5/google-workspace-cli-x86_64-unknown-linux-musl.tar.gz"
url_api = "https://api.github.com/repos/googleworkspace/cli/releases/assets/385726987"
provenance = "github-attestations"

[tools."github:googleworkspace/cli"."platforms.macos-arm64"]
checksum = "sha256:1d2a9ffd5bc9b2c2c4b48630daf082fad13d9e57d741988a2c248eed562f7dac"
url = "https://github.com/googleworkspace/cli/releases/download/v0.22.5/google-workspace-cli-aarch64-apple-darwin.tar.gz"
url_api = "https://api.github.com/repos/googleworkspace/cli/releases/assets/385726972"
provenance = "github-attestations"

[tools."github:googleworkspace/cli"."platforms.macos-x64"]
checksum = "sha256:51f9bd731404d4bba26c36e2e30dd68c56dccd1f834c01252cb0b14d6a6544b2"
url = "https://github.com/googleworkspace/cli/releases/download/v0.22.5/google-workspace-cli-x86_64-apple-darwin.tar.gz"
url_api = "https://api.github.com/repos/googleworkspace/cli/releases/assets/385726978"
provenance = "github-attestations"

[tools."github:googleworkspace/cli"."platforms.windows-x64"]
checksum = "sha256:407705d695dc83d48b1c5f50d71b5aa64095bf6f17d5b439b2e9a373bbe67ec2"
url = "https://github.com/googleworkspace/cli/releases/download/v0.22.5/google-workspace-cli-x86_64-pc-windows-msvc.zip"
url_api = "https://api.github.com/repos/googleworkspace/cli/releases/assets/385726984"
provenance = "github-attestations"

[[tools."github:unhappychoice/splashboard"]]
version = "2.10.1"
backend = "github:unhappychoice/splashboard"
specifiers = ["2.10.1"]

[tools."github:unhappychoice/splashboard"."platforms.linux-arm64"]
checksum = "sha256:3c56dac4ac01c714c2af4ddb5ccaf65d38c1dfa3196a87a31ca1ddb6d8031e31"
url = "https://github.com/unhappychoice/splashboard/releases/download/v2.10.1/splashboard-v2.10.1-aarch64-unknown-linux-gnu.tar.gz"
url_api = "https://api.github.com/repos/unhappychoice/splashboard/releases/assets/558694111"

[tools."github:unhappychoice/splashboard"."platforms.linux-arm64-musl"]
checksum = "sha256:3c56dac4ac01c714c2af4ddb5ccaf65d38c1dfa3196a87a31ca1ddb6d8031e31"
url = "https://github.com/unhappychoice/splashboard/releases/download/v2.10.1/splashboard-v2.10.1-aarch64-unknown-linux-gnu.tar.gz"
url_api = "https://api.github.com/repos/unhappychoice/splashboard/releases/assets/558694111"

[tools."github:unhappychoice/splashboard"."platforms.linux-x64"]
checksum = "sha256:d00fcf7c74e0f12f453eab5702e5d91957ed081154a5dc489bec9036e661bec7"
url = "https://github.com/unhappychoice/splashboard/releases/download/v2.10.1/splashboard-v2.10.1-x86_64-unknown-linux-gnu.tar.gz"
url_api = "https://api.github.com/repos/unhappychoice/splashboard/releases/assets/558694224"

[tools."github:unhappychoice/splashboard"."platforms.linux-x64-musl"]
checksum = "sha256:d00fcf7c74e0f12f453eab5702e5d91957ed081154a5dc489bec9036e661bec7"
url = "https://github.com/unhappychoice/splashboard/releases/download/v2.10.1/splashboard-v2.10.1-x86_64-unknown-linux-gnu.tar.gz"
url_api = "https://api.github.com/repos/unhappychoice/splashboard/releases/assets/558694224"

[tools."github:unhappychoice/splashboard"."platforms.macos-arm64"]
checksum = "sha256:8d1ab297414a924a4bf48321e3252b254911162f4ebc6f52f64a251c4134345e"
url = "https://github.com/unhappychoice/splashboard/releases/download/v2.10.1/splashboard-v2.10.1-aarch64-apple-darwin.tar.gz"
url_api = "https://api.github.com/repos/unhappychoice/splashboard/releases/assets/558696275"

[tools."github:unhappychoice/splashboard"."platforms.macos-x64"]
checksum = "sha256:d8efd82f97246ee682e3298e713cf0af89f277c06fb7ae75e3b134e5b1d217d6"
url = "https://github.com/unhappychoice/splashboard/releases/download/v2.10.1/splashboard-v2.10.1-x86_64-apple-darwin.tar.gz"
url_api = "https://api.github.com/repos/unhappychoice/splashboard/releases/assets/558697812"

[tools."github:unhappychoice/splashboard"."platforms.windows-x64"]
checksum = "sha256:893ac77664c407da00800c6465624fefcc3b7ef4f776d92580e40a732454f8c5"
url = "https://github.com/unhappychoice/splashboard/releases/download/v2.10.1/splashboard-v2.10.1-x86_64-pc-windows-msvc.zip"
url_api = "https://api.github.com/repos/unhappychoice/splashboard/releases/assets/558702530"

[[tools.herdr]]
version = "0.9.3"
backend = "aqua:herdrdev/herdr"
specifiers = ["latest"]

[tools.herdr."platforms.linux-arm64"]
checksum = "sha256:4de7aa3e25678812e92960de64f7c2aaa1bca1f0f80a3c5e559837e231e1f5c0"
url = "https://github.com/herdrdev/herdr/releases/download/v0.9.3/herdr-linux-aarch64"
url_api = "https://api.github.com/repos/herdrdev/herdr/releases/assets/599036386"

[tools.herdr."platforms.linux-arm64-musl"]
checksum = "sha256:4de7aa3e25678812e92960de64f7c2aaa1bca1f0f80a3c5e559837e231e1f5c0"
url = "https://github.com/herdrdev/herdr/releases/download/v0.9.3/herdr-linux-aarch64"
url_api = "https://api.github.com/repos/herdrdev/herdr/releases/assets/599036386"

[tools.herdr."platforms.linux-x64"]
checksum = "sha256:18a8dc65f1c2fa485884344356dea1cfd911c6f06cf46fa78e193f4087f4dba7"
url = "https://github.com/herdrdev/herdr/releases/download/v0.9.3/herdr-linux-x86_64"
url_api = "https://api.github.com/repos/herdrdev/herdr/releases/assets/599036383"

[tools.herdr."platforms.linux-x64-musl"]
checksum = "sha256:18a8dc65f1c2fa485884344356dea1cfd911c6f06cf46fa78e193f4087f4dba7"
url = "https://github.com/herdrdev/herdr/releases/download/v0.9.3/herdr-linux-x86_64"
url_api = "https://api.github.com/repos/herdrdev/herdr/releases/assets/599036383"

[tools.herdr."platforms.macos-arm64"]
checksum = "sha256:5173a3e0ae42d5d1ab7ebfa5d5e6329f7c3d23f8e1a3677c7ce3231da2884157"
url = "https://github.com/herdrdev/herdr/releases/download/v0.9.3/herdr-macos-aarch64"
url_api = "https://api.github.com/repos/herdrdev/herdr/releases/assets/599036381"

[tools.herdr."platforms.macos-x64"]
checksum = "sha256:db62d548ff3e832b087a96b1894a08d26be3905f1830309cd556783f215d4054"
url = "https://github.com/herdrdev/herdr/releases/download/v0.9.3/herdr-macos-x86_64"
url_api = "https://api.github.com/repos/herdrdev/herdr/releases/assets/599036385"

[tools.herdr."platforms.windows-x64"]
checksum = "sha256:c75b1fa49f7a3ba4b8b11789912a6147e4214a3b6fd3556d0f80076c8887d795"
url = "https://github.com/herdrdev/herdr/releases/download/v0.9.3/herdr-windows-x86_64.zip"
url_api = "https://api.github.com/repos/herdrdev/herdr/releases/assets/599036387"

[[tools.lazygit]]
version = "0.65.1"
backend = "aqua:jesseduffield/lazygit"
specifiers = ["latest"]

[tools.lazygit."platforms.linux-arm64"]
checksum = "sha256:49abecdf6adf4f2dfdb11bf7b9bfada267ea523612ed809d1c6d87f6c04000a7"
url = "https://github.com/jesseduffield/lazygit/releases/download/v0.65.1/lazygit_0.65.1_linux_arm64.tar.gz"
url_api = "https://api.github.com/repos/jesseduffield/lazygit/releases/assets/560658270"

[tools.lazygit."platforms.linux-arm64-musl"]
checksum = "sha256:49abecdf6adf4f2dfdb11bf7b9bfada267ea523612ed809d1c6d87f6c04000a7"
url = "https://github.com/jesseduffield/lazygit/releases/download/v0.65.1/lazygit_0.65.1_linux_arm64.tar.gz"
url_api = "https://api.github.com/repos/jesseduffield/lazygit/releases/assets/560658270"

[tools.lazygit."platforms.linux-x64"]
checksum = "sha256:02beacbcda0fa342e50ae3480ba8147307353af3fb28e1d5f790e02329c201a6"
url = "https://github.com/jesseduffield/lazygit/releases/download/v0.65.1/lazygit_0.65.1_linux_x86_64.tar.gz"
url_api = "https://api.github.com/repos/jesseduffield/lazygit/releases/assets/560658266"

[tools.lazygit."platforms.linux-x64-musl"]
checksum = "sha256:02beacbcda0fa342e50ae3480ba8147307353af3fb28e1d5f790e02329c201a6"
url = "https://github.com/jesseduffield/lazygit/releases/download/v0.65.1/lazygit_0.65.1_linux_x86_64.tar.gz"
url_api = "https://api.github.com/repos/jesseduffield/lazygit/releases/assets/560658266"

[tools.lazygit."platforms.macos-arm64"]
checksum = "sha256:65a367c6ea9a88efebaaf7998a6835eedb987e04916cef677264ff9b31b1b13e"
url = "https://github.com/jesseduffield/lazygit/releases/download/v0.65.1/lazygit_0.65.1_darwin_arm64.tar.gz"
url_api = "https://api.github.com/repos/jesseduffield/lazygit/releases/assets/560658243"

[tools.lazygit."platforms.macos-x64"]
checksum = "sha256:fde13daf583511aa24c42ca154911643231a5af784c7cdd8117264b2fc035b33"
url = "https://github.com/jesseduffield/lazygit/releases/download/v0.65.1/lazygit_0.65.1_darwin_x86_64.tar.gz"
url_api = "https://api.github.com/repos/jesseduffield/lazygit/releases/assets/560658244"

[tools.lazygit."platforms.windows-x64"]
checksum = "sha256:bed669be29204932560836a58dc6519ba43c10ea7dc7df63af8a1d96424e191d"
url = "https://github.com/jesseduffield/lazygit/releases/download/v0.65.1/lazygit_0.65.1_windows_x86_64.zip"
url_api = "https://api.github.com/repos/jesseduffield/lazygit/releases/assets/560658241"

[[tools.node]]
version = "25.2.1"
backend = "core:node"
specifiers = ["25.2.1"]

[tools.node."platforms.linux-arm64"]
checksum = "sha256:905238a17be9ae62c16e596019268d8ca9f0fc3142602a1f860dc4a7c1ddbf82"
url = "https://nodejs.org/dist/v25.2.1/node-v25.2.1-linux-arm64.tar.gz"

[tools.node."platforms.linux-arm64-musl"]
checksum = "sha256:3137ad833b26bcbe95f3179314fb05f1c13506f647ae7f5665488e2bdd6cc23b"
url = "https://unofficial-builds.nodejs.org/download/release/v25.2.1/node-v25.2.1-linux-arm64-musl.tar.gz"

[tools.node."platforms.linux-x64"]
checksum = "sha256:2094ecdc844ea11e9777cac42672b0d89cd63d27204193a587dc5a2d276bb940"
url = "https://nodejs.org/dist/v25.2.1/node-v25.2.1-linux-x64.tar.gz"

[tools.node."platforms.linux-x64-musl"]
checksum = "sha256:96fd0576bfcd06e317d9221f386027d130d4b619ff2c2de4c1d210dab2555c68"
url = "https://unofficial-builds.nodejs.org/download/release/v25.2.1/node-v25.2.1-linux-x64-musl.tar.gz"

[tools.node."platforms.macos-arm64"]
checksum = "sha256:be87e21bd235a451fad02c89e5bf7cb17e206e4cd89dd5664f20d19e7dfde6f9"
url = "https://nodejs.org/dist/v25.2.1/node-v25.2.1-darwin-arm64.tar.gz"

[tools.node."platforms.macos-x64"]
checksum = "sha256:c266da5a9075a56e1aa02460ce8df96fca9e796c388abe94a8df4949945df6b6"
url = "https://nodejs.org/dist/v25.2.1/node-v25.2.1-darwin-x64.tar.gz"

[tools.node."platforms.windows-x64"]
checksum = "sha256:f97ba75ead7720652f3925d9cf8661e083a28c6b98ea77acc83903d77a9dd688"
url = "https://nodejs.org/dist/v25.2.1/node-v25.2.1-win-x64.zip"

[[tools.ollama]]
version = "0.18.3"
backend = "aqua:ollama/ollama"
specifiers = ["0.18.3"]

[tools.ollama."platforms.linux-arm64"]
checksum = "sha256:6186d6c8eaa660a838ebcfad4541ff32d7f7bee8b072a8d0720438cc8040934b"
url = "https://github.com/ollama/ollama/releases/download/v0.18.3/ollama-linux-arm64.tar.zst"
url_api = "https://api.github.com/repos/ollama/ollama/releases/assets/381689719"

[tools.ollama."platforms.linux-arm64-musl"]
checksum = "sha256:6186d6c8eaa660a838ebcfad4541ff32d7f7bee8b072a8d0720438cc8040934b"
url = "https://github.com/ollama/ollama/releases/download/v0.18.3/ollama-linux-arm64.tar.zst"
url_api = "https://api.github.com/repos/ollama/ollama/releases/assets/381689719"

[tools.ollama."platforms.linux-x64"]
checksum = "sha256:7b3fb22f2e01a17f03ec0ac88a0b070ee2d7481030e735337ac8c02b84b5e66e"
url = "https://github.com/ollama/ollama/releases/download/v0.18.3/ollama-linux-amd64.tar.zst"
url_api = "https://api.github.com/repos/ollama/ollama/releases/assets/381689653"

[tools.ollama."platforms.linux-x64-musl"]
checksum = "sha256:7b3fb22f2e01a17f03ec0ac88a0b070ee2d7481030e735337ac8c02b84b5e66e"
url = "https://github.com/ollama/ollama/releases/download/v0.18.3/ollama-linux-amd64.tar.zst"
url_api = "https://api.github.com/repos/ollama/ollama/releases/assets/381689653"

[tools.ollama."platforms.macos-arm64"]
checksum = "sha256:f3b17a791dfc3e1ac874ed02bbdb90d77b552ff1f02cf80f1ae48fc5f80de6fa"
url = "https://github.com/ollama/ollama/releases/download/v0.18.3/ollama-darwin.tgz"
url_api = "https://api.github.com/repos/ollama/ollama/releases/assets/381689630"

[tools.ollama."platforms.macos-x64"]
checksum = "sha256:f3b17a791dfc3e1ac874ed02bbdb90d77b552ff1f02cf80f1ae48fc5f80de6fa"
url = "https://github.com/ollama/ollama/releases/download/v0.18.3/ollama-darwin.tgz"
url_api = "https://api.github.com/repos/ollama/ollama/releases/assets/381689630"

[tools.ollama."platforms.windows-x64"]
checksum = "sha256:89b0760bf190c9c2347b6b233ecd34c0d5370dd76c4b269ac561fc3d2cb355b8"
url = "https://github.com/ollama/ollama/releases/download/v0.18.3/ollama-windows-amd64.zip"
url_api = "https://api.github.com/repos/ollama/ollama/releases/assets/381689603"

[[tools.ripgrep]]
version = "15.2.0"
backend = "aqua:BurntSushi/ripgrep"
specifiers = ["latest"]

[tools.ripgrep."platforms.linux-arm64"]
checksum = "sha256:a740b91c82eaf9914cfedd353572f2791cbe0162c84101ee0951058f4dcbc90d"
url = "https://github.com/BurntSushi/ripgrep/releases/download/15.2.0/ripgrep-15.2.0-aarch64-unknown-linux-gnu.tar.gz"
url_api = "https://api.github.com/repos/BurntSushi/ripgrep/releases/assets/478119579"

[tools.ripgrep."platforms.linux-arm64-musl"]
checksum = "sha256:a740b91c82eaf9914cfedd353572f2791cbe0162c84101ee0951058f4dcbc90d"
url = "https://github.com/BurntSushi/ripgrep/releases/download/15.2.0/ripgrep-15.2.0-aarch64-unknown-linux-gnu.tar.gz"
url_api = "https://api.github.com/repos/BurntSushi/ripgrep/releases/assets/478119579"

[tools.ripgrep."platforms.linux-x64"]
checksum = "sha256:33e15bcf1624b25cdd2a55813a47a2f95dbe126268203e76aa6a585d1e7b149c"
url = "https://github.com/BurntSushi/ripgrep/releases/download/15.2.0/ripgrep-15.2.0-x86_64-unknown-linux-musl.tar.gz"
url_api = "https://api.github.com/repos/BurntSushi/ripgrep/releases/assets/478120097"

[tools.ripgrep."platforms.linux-x64-musl"]
checksum = "sha256:33e15bcf1624b25cdd2a55813a47a2f95dbe126268203e76aa6a585d1e7b149c"
url = "https://github.com/BurntSushi/ripgrep/releases/download/15.2.0/ripgrep-15.2.0-x86_64-unknown-linux-musl.tar.gz"
url_api = "https://api.github.com/repos/BurntSushi/ripgrep/releases/assets/478120097"

[tools.ripgrep."platforms.macos-arm64"]
checksum = "sha256:3750b2e93f37e0c692657da574d7019a101c0084da05a790c83fd335bad973e4"
url = "https://github.com/BurntSushi/ripgrep/releases/download/15.2.0/ripgrep-15.2.0-aarch64-apple-darwin.tar.gz"
url_api = "https://api.github.com/repos/BurntSushi/ripgrep/releases/assets/478118851"

[tools.ripgrep."platforms.macos-x64"]
checksum = "sha256:af7825fcc69a2afc7a7aea55fc9af90e26421d8f20fe59df32e233c0b8a231c1"
url = "https://github.com/BurntSushi/ripgrep/releases/download/15.2.0/ripgrep-15.2.0-x86_64-apple-darwin.tar.gz"
url_api = "https://api.github.com/repos/BurntSushi/ripgrep/releases/assets/478119585"

[tools.ripgrep."platforms.windows-x64"]
checksum = "sha256:71b2fef860abe467217a538ff31de02f5258807c0129f771846f87bd029aafc5"
url = "https://github.com/BurntSushi/ripgrep/releases/download/15.2.0/ripgrep-15.2.0-x86_64-pc-windows-msvc.zip"
url_api = "https://api.github.com/repos/BurntSushi/ripgrep/releases/assets/478119643"

[[tools.rust]]
version = "stable"
backend = "core:rust"
specifiers = ["stable"]

[[tools.rust-analyzer]]
version = "2026-09-28"
backend = "aqua:rust-lang/rust-analyzer"
specifiers = ["latest"]

[tools.rust-analyzer."platforms.linux-arm64"]
checksum = "sha256:03bad9c3dabb0f07a2678d5f9f8f1575a3742ea141506e14b3a26b42a1f896f3"
url = "https://github.com/rust-lang/rust-analyzer/releases/download/2026-09-28/rust-analyzer-aarch64-unknown-linux-gnu.gz"
url_api = "https://api.github.com/repos/rust-lang/rust-analyzer/releases/assets/594528566"

[tools.rust-analyzer."platforms.linux-arm64-musl"]
checksum = "sha256:03bad9c3dabb0f07a2678d5f9f8f1575a3742ea141506e14b3a26b42a1f896f3"
url = "https://github.com/rust-lang/rust-analyzer/releases/download/2026-09-28/rust-analyzer-aarch64-unknown-linux-gnu.gz"
url_api = "https://api.github.com/repos/rust-lang/rust-analyzer/releases/assets/594528566"

[tools.rust-analyzer."platforms.linux-x64"]
checksum = "sha256:23f711d86b5f826e22886f01d7355dc01e0f4c1357dafa29710a95b903b48c85"
url = "https://github.com/rust-lang/rust-analyzer/releases/download/2026-09-28/rust-analyzer-x86_64-unknown-linux-gnu.gz"
url_api = "https://api.github.com/repos/rust-lang/rust-analyzer/releases/assets/594529241"

[tools.rust-analyzer."platforms.linux-x64-musl"]
checksum = "sha256:23f711d86b5f826e22886f01d7355dc01e0f4c1357dafa29710a95b903b48c85"
url = "https://github.com/rust-lang/rust-analyzer/releases/download/2026-09-28/rust-analyzer-x86_64-unknown-linux-gnu.gz"
url_api = "https://api.github.com/repos/rust-lang/rust-analyzer/releases/assets/594529241"

[tools.rust-analyzer."platforms.macos-arm64"]
checksum = "sha256:54ec873d8996e2c127d758bf45d4eacb6d3371dae4f6f6d5d3f05cedbae5fd59"
url = "https://github.com/rust-lang/rust-analyzer/releases/download/2026-09-28/rust-analyzer-aarch64-apple-darwin.gz"
url_api = "https://api.github.com/repos/rust-lang/rust-analyzer/releases/assets/594528461"

[tools.rust-analyzer."platforms.macos-x64"]
checksum = "sha256:d032c0eb75e4597cc8ffc35ea4cdbd9eecc8341936b6edac6749e679fc3f0682"
url = "https://github.com/rust-lang/rust-analyzer/releases/download/2026-09-28/rust-analyzer-x86_64-apple-darwin.gz"
url_api = "https://api.github.com/repos/rust-lang/rust-analyzer/releases/assets/594529150"

[tools.rust-analyzer."platforms.windows-x64"]
checksum = "sha256:ad78fb368525404c6ac09c4bba33e90797902ce1f5a17db0925c695cae096ccc"
url = "https://github.com/rust-lang/rust-analyzer/releases/download/2026-09-28/rust-analyzer-x86_64-pc-windows-msvc.zip"
url_api = "https://api.github.com/repos/rust-lang/rust-analyzer/releases/assets/594529211"

[[tools.yazi]]
version = "26.9.1"
backend = "aqua:sxyazi/yazi"
specifiers = ["latest"]

[tools.yazi."platforms.linux-arm64"]
checksum = "sha256:02807f08d6b589b65b7516a4e259d83f5995d7a23bb12b3a155141385b370b3a"
url = "https://github.com/sxyazi/yazi/releases/download/v26.9.1/yazi-aarch64-unknown-linux-gnu.zip"
url_api = "https://api.github.com/repos/sxyazi/yazi/releases/assets/539261402"

[tools.yazi."platforms.linux-arm64-musl"]
checksum = "sha256:dd569daecaae914185f295634109295ccd25c1b42b02eb89a74f651970024f2e"
url = "https://github.com/sxyazi/yazi/releases/download/v26.9.1/yazi-aarch64-unknown-linux-musl.zip"
url_api = "https://api.github.com/repos/sxyazi/yazi/releases/assets/539261411"

[tools.yazi."platforms.linux-x64"]
checksum = "sha256:a02fe91d3304294048c681f010f1100856872a4e98ecf6927328e888d40a6ad2"
url = "https://github.com/sxyazi/yazi/releases/download/v26.9.1/yazi-x86_64-unknown-linux-gnu.zip"
url_api = "https://api.github.com/repos/sxyazi/yazi/releases/assets/539261400"

[tools.yazi."platforms.linux-x64-musl"]
checksum = "sha256:9b9c39decccf8cb0ff53a7d637d38f8a79d93bbd0099f4ea9c619ef6bb392f5d"
url = "https://github.com/sxyazi/yazi/releases/download/v26.9.1/yazi-x86_64-unknown-linux-musl.zip"
url_api = "https://api.github.com/repos/sxyazi/yazi/releases/assets/539261404"

[tools.yazi."platforms.macos-arm64"]
checksum = "sha256:3921182a21cceb0a505e5dac578e1487d48104caa5f114e9f8adf40b5a7289a9"
url = "https://github.com/sxyazi/yazi/releases/download/v26.9.1/yazi-aarch64-apple-darwin.zip"
url_api = "https://api.github.com/repos/sxyazi/yazi/releases/assets/539261410"

[tools.yazi."platforms.macos-x64"]
checksum = "sha256:36e09036fcc446488d876d139a5e303f2443b82cfb6ac7dfcb43892d6fe6fa20"
url = "https://github.com/sxyazi/yazi/releases/download/v26.9.1/yazi-x86_64-apple-darwin.zip"
url_api = "https://api.github.com/repos/sxyazi/yazi/releases/assets/539261413"

[tools.yazi."platforms.windows-x64"]
checksum = "sha256:7c033e5f2de6355fd03d865319053fc97db780275974ed17653c057f5d0f8d21"
url = "https://github.com/sxyazi/yazi/releases/download/v26.9.1/yazi-x86_64-pc-windows-msvc.zip"
url_api = "https://api.github.com/repos/sxyazi/yazi/releases/assets/539261401"

[[tools.zoxide]]
version = "0.10.0"
backend = "aqua:ajeetdsouza/zoxide"
specifiers = ["latest"]

[tools.zoxide."platforms.linux-arm64"]
checksum = "sha256:f1f16c5d6298d63dee467eedea1cdcd8490e43e493bea43acd416dc9033ef641"
url = "https://github.com/ajeetdsouza/zoxide/releases/download/v0.10.0/zoxide-0.10.0-aarch64-unknown-linux-musl.tar.gz"
url_api = "https://api.github.com/repos/ajeetdsouza/zoxide/releases/assets/466316402"

[tools.zoxide."platforms.linux-arm64-musl"]
checksum = "sha256:f1f16c5d6298d63dee467eedea1cdcd8490e43e493bea43acd416dc9033ef641"
url = "https://github.com/ajeetdsouza/zoxide/releases/download/v0.10.0/zoxide-0.10.0-aarch64-unknown-linux-musl.tar.gz"
url_api = "https://api.github.com/repos/ajeetdsouza/zoxide/releases/assets/466316402"

[tools.zoxide."platforms.linux-x64"]
checksum = "sha256:2d93385b99f3e82cf2701609a1bffcad863fbeb75aa3fe7eb6be4d29be68b1ae"
url = "https://github.com/ajeetdsouza/zoxide/releases/download/v0.10.0/zoxide-0.10.0-x86_64-unknown-linux-musl.tar.gz"
url_api = "https://api.github.com/repos/ajeetdsouza/zoxide/releases/assets/466316293"

[tools.zoxide."platforms.linux-x64-musl"]
checksum = "sha256:2d93385b99f3e82cf2701609a1bffcad863fbeb75aa3fe7eb6be4d29be68b1ae"
url = "https://github.com/ajeetdsouza/zoxide/releases/download/v0.10.0/zoxide-0.10.0-x86_64-unknown-linux-musl.tar.gz"
url_api = "https://api.github.com/repos/ajeetdsouza/zoxide/releases/assets/466316293"

[tools.zoxide."platforms.macos-arm64"]
checksum = "sha256:b55ae6f2f5f23d0a6ccb3bd4eeb2af9c7e0a6556e5255c82100e40305129bbb0"
url = "https://github.com/ajeetdsouza/zoxide/releases/download/v0.10.0/zoxide-0.10.0-aarch64-apple-darwin.tar.gz"
url_api = "https://api.github.com/repos/ajeetdsouza/zoxide/releases/assets/466316174"

[tools.zoxide."platforms.macos-x64"]
checksum = "sha256:18ab7ae2633ad6e2ab79a4e665cbba1e95b7c872d44523326efb793202451dad"
url = "https://github.com/ajeetdsouza/zoxide/releases/download/v0.10.0/zoxide-0.10.0-x86_64-apple-darwin.tar.gz"
url_api = "https://api.github.com/repos/ajeetdsouza/zoxide/releases/assets/466316167"

[tools.zoxide."platforms.windows-x64"]
checksum = "sha256:f465ae548f8754c8e7edbc60b45fbf58c92bfe123db83d790252d6810fa5daf1"
url = "https://github.com/ajeetdsouza/zoxide/releases/download/v0.10.0/zoxide-0.10.0-x86_64-pc-windows-msvc.zip"
url_api = "https://api.github.com/repos/ajeetdsouza/zoxide/releases/assets/466316769"
